
Microsoft Visual Studio Solution File, Format Version 12.00
# Visual Studio Version 16
VisualStudioVersion = 16.0.30907.101
MinimumVisualStudioVersion = 10.0.40219.1
Project("{FAE04EC0-301F-11D3-BF4B-00C04F79EFBC}") = "InsiderBotWebScraper", "InsiderBotWebScraper\InsiderBotWebScraper.csproj", "{FA2D58C9-0F7C-4987-9F15-2EADFAA2DE07}"
EndProject
Global
	GlobalSection(SolutionConfigurationPlatforms) = preSolution
		Debug|Any CPU = Debug|Any CPU
		Release|Any CPU = Release|Any CPU
	EndGlobalSection
	GlobalSection(ProjectConfigurationPlatforms) = postSolution
		{FA2D58C9-0F7C-4987-9F15-2EADFAA2DE07}.Debug|Any CPU.ActiveCfg = Debug|Any CPU
		{FA2D58C9-0F7C-4987-9F15-2EADFAA2DE07}.Debug|Any CPU.Build.0 = Debug|Any CPU
		{FA2D58C9-0F7C-4987-9F15-2EADFAA2DE07}.Release|Any CPU.ActiveCfg = Release|Any CPU
		{FA2D58C9-0F7C-4987-9F15-2EADFAA2DE07}.Release|Any CPU.Build.0 = Release|Any CPU
	EndGlobalSection
	GlobalSection(SolutionProperties) = preSolution
		HideSolutionNode = FALSE
	EndGlobalSection
	GlobalSection(ExtensibilityGlobals) = postSolution
		SolutionGuid = {7CCFBD3B-44A0-4D7C-8E3A-F489AFB4ED89}
	EndGlobalSection
EndGlobal
